
Microsoft Visual Studio Solution File, Format Version 12.00
# Visual Studio Version 17
VisualStudioVersion = 17.11.35222.181
MinimumVisualStudioVersion = 10.0.40219.1
Project("{FAE04EC0-301F-11D3-BF4B-00C04F79EFBC}") = "UEProjectGenerator", "UEProjectGenerator.csproj", "{264BBE5E-BEDB-4FF4-8554-14AE57E98CE7}"
EndProject
Global
	GlobalSection(SolutionConfigurationPlatforms) = preSolution
		Debug|Any CPU = Debug|Any CPU
		Debug|x64 = Debug|x64
		Release|Any CPU = Release|Any CPU
		Release|x64 = Release|x64
	EndGlobalSection
	GlobalSection(ProjectConfigurationPlatforms) = postSolution
		{264BBE5E-BEDB-4FF4-8554-14AE57E98CE7}.Debug|Any CPU.ActiveCfg = Debug|Any CPU
		{264BBE5E-BEDB-4FF4-8554-14AE57E98CE7}.Debug|Any CPU.Build.0 = Debug|Any CPU
		{264BBE5E-BEDB-4FF4-8554-14AE57E98CE7}.Debug|x64.ActiveCfg = Debug|x64
		{264BBE5E-BEDB-4FF4-8554-14AE57E98CE7}.Debug|x64.Build.0 = Debug|x64
		{264BBE5E-BEDB-4FF4-8554-14AE57E98CE7}.Release|Any CPU.ActiveCfg = Release|Any CPU
		{264BBE5E-BEDB-4FF4-8554-14AE57E98CE7}.Release|Any CPU.Build.0 = Release|Any CPU
		{264BBE5E-BEDB-4FF4-8554-14AE57E98CE7}.Release|x64.ActiveCfg = Release|x64
		{264BBE5E-BEDB-4FF4-8554-14AE57E98CE7}.Release|x64.Build.0 = Release|x64
	EndGlobalSection
	GlobalSection(SolutionProperties) = preSolution
		HideSolutionNode = FALSE
	EndGlobalSection
	GlobalSection(ExtensibilityGlobals) = postSolution
		SolutionGuid = {11744CDB-608C-4E2E-94DE-8AF252882190}
	EndGlobalSection
EndGlobal
